
Microsoft Visual Studio Solution File, Format Version 12.00
# Visual Studio 15
VisualStudioVersion = 15.0.28307.168
MinimumVisualStudioVersion = 10.0.40219.1
Project("{FAE04EC0-301F-11D3-BF4B-00C04F79EFBC}") = "ObjectProcessTool", "ObjectProcessTool\ObjectProcessTool.csproj", "{6A9A4685-6185-47E0-A41C-64479657D44E}"
EndProject
Project("{FAE04EC0-301F-11D3-BF4B-00C04F79EFBC}") = "SharpMap", "SharpMap\SharpMap.csproj", "{C83777FC-AABB-47D9-911F-D76255D4D541}"
EndProject
Global
	GlobalSection(SolutionConfigurationPlatforms) = preSolution
		Debug|Any CPU = Debug|Any CPU
		DebugDSProjection|Any CPU = DebugDSProjection|Any CPU
		Release|Any CPU = Release|Any CPU
		ReleaseDSProjection|Any CPU = ReleaseDSProjection|Any CPU
	EndGlobalSection
	GlobalSection(ProjectConfigurationPlatforms) = postSolution
		{6A9A4685-6185-47E0-A41C-64479657D44E}.Debug|Any CPU.ActiveCfg = Debug|Any CPU
		{6A9A4685-6185-47E0-A41C-64479657D44E}.Debug|Any CPU.Build.0 = Debug|Any CPU
		{6A9A4685-6185-47E0-A41C-64479657D44E}.DebugDSProjection|Any CPU.ActiveCfg = Debug|Any CPU
		{6A9A4685-6185-47E0-A41C-64479657D44E}.DebugDSProjection|Any CPU.Build.0 = Debug|Any CPU
		{6A9A4685-6185-47E0-A41C-64479657D44E}.Release|Any CPU.ActiveCfg = Release|Any CPU
		{6A9A4685-6185-47E0-A41C-64479657D44E}.Release|Any CPU.Build.0 = Release|Any CPU
		{6A9A4685-6185-47E0-A41C-64479657D44E}.ReleaseDSProjection|Any CPU.ActiveCfg = Release|Any CPU
		{6A9A4685-6185-47E0-A41C-64479657D44E}.ReleaseDSProjection|Any CPU.Build.0 = Release|Any CPU
		{C83777FC-AABB-47D9-911F-D76255D4D541}.Debug|Any CPU.ActiveCfg = Debug|Any CPU
		{C83777FC-AABB-47D9-911F-D76255D4D541}.Debug|Any CPU.Build.0 = Debug|Any CPU
		{C83777FC-AABB-47D9-911F-D76255D4D541}.DebugDSProjection|Any CPU.ActiveCfg = DebugDSProjection|Any CPU
		{C83777FC-AABB-47D9-911F-D76255D4D541}.DebugDSProjection|Any CPU.Build.0 = DebugDSProjection|Any CPU
		{C83777FC-AABB-47D9-911F-D76255D4D541}.Release|Any CPU.ActiveCfg = Release|Any CPU
		{C83777FC-AABB-47D9-911F-D76255D4D541}.Release|Any CPU.Build.0 = Release|Any CPU
		{C83777FC-AABB-47D9-911F-D76255D4D541}.ReleaseDSProjection|Any CPU.ActiveCfg = ReleaseDSProjection|Any CPU
		{C83777FC-AABB-47D9-911F-D76255D4D541}.ReleaseDSProjection|Any CPU.Build.0 = ReleaseDSProjection|Any CPU
	EndGlobalSection
	GlobalSection(SolutionProperties) = preSolution
		HideSolutionNode = FALSE
	EndGlobalSection
	GlobalSection(ExtensibilityGlobals) = postSolution
		SolutionGuid = {A4CF60D6-8558-4174-8AC7-3E8160317AE9}
	EndGlobalSection
EndGlobal
